// !$*UTF8*$!
{
	archiveVersion = 1;
	classes = {
	};
	objectVersion = 55;
	objects = {

/* Begin PBXBuildFile section */
		48661498279B67D700803057 /* HistoryViewController.swift in Sources */ = {isa = PBXBuildFile; fileRef = 48661497279B67D700803057 /* HistoryViewController.swift */; };
		4866149A279B9BE900803057 /* HistoryDetailsViewController.swift in Sources */ = {isa = PBXBuildFile; fileRef = 48661499279B9BE900803057 /* HistoryDetailsViewController.swift */; };
		48A34DE626A4EEF500B24EF9 /* EightClassClassification.mlmodel in Sources */ = {isa = PBXBuildFile; fileRef = 48A34DE526A4EEF500B24EF9 /* EightClassClassification.mlmodel */; };
		48A34DE826A4F84F00B24EF9 /* CGImagePropertyOrientation+UIImageOrientation.swift in Sources */ = {isa = PBXBuildFile; fileRef = 48A34DE726A4F84F00B24EF9 /* CGImagePropertyOrientation+UIImageOrientation.swift */; };
		48A34DEA26A5357600B24EF9 /* SceneDelegate.swift in Sources */ = {isa = PBXBuildFile; fileRef = 48A34DE926A5357600B24EF9 /* SceneDelegate.swift */; };
		48D91B36269D7EA400F0DA9D /* AppDelegate.swift in Sources */ = {isa = PBXBuildFile; fileRef = 48D91B35269D7EA400F0DA9D /* AppDelegate.swift */; };
		48D91B3A269D7EA400F0DA9D /* ClassifyViewController.swift in Sources */ = {isa = PBXBuildFile; fileRef = 48D91B39269D7EA400F0DA9D /* ClassifyViewController.swift */; };
		48D91B3D269D7EA400F0DA9D /* Main.storyboard in Resources */ = {isa = PBXBuildFile; fileRef = 48D91B3B269D7EA400F0DA9D /* Main.storyboard */; };
		48D91B3F269D7EA500F0DA9D /* Assets.xcassets in Resources */ = {isa = PBXBuildFile; fileRef = 48D91B3E269D7EA500F0DA9D /* Assets.xcassets */; };
		48D91B42269D7EA500F0DA9D /* LaunchScreen.storyboard in Resources */ = {isa = PBXBuildFile; fileRef = 48D91B40269D7EA500F0DA9D /* LaunchScreen.storyboard */; };
		48E445C8273604BF00599CF0 /* SettingsViewController.swift in Sources */ = {isa = PBXBuildFile; fileRef = 48E445C7273604BF00599CF0 /* SettingsViewController.swift */; };
		48E445CA2736051E00599CF0 /* SettingTableViewCell.swift in Sources */ = {isa = PBXBuildFile; fileRef = 48E445C92736051E00599CF0 /* SettingTableViewCell.swift */; };
		48F8EF382793F1B60040226C /* ChangeRegionViewController.swift in Sources */ = {isa = PBXBuildFile; fileRef = 48F8EF352793F1B60040226C /* ChangeRegionViewController.swift */; };
		48F8EF392793F1B60040226C /* DatePickerViewController.swift in Sources */ = {isa = PBXBuildFile; fileRef = 48F8EF362793F1B60040226C /* DatePickerViewController.swift */; };
		48F8EF3A2793F1B60040226C /* ChangeNameViewController.swift in Sources */ = {isa = PBXBuildFile; fileRef = 48F8EF372793F1B60040226C /* ChangeNameViewController.swift */; };
		48F8EF3C2793F1FF0040226C /* StaticTableViewController.swift in Sources */ = {isa = PBXBuildFile; fileRef = 48F8EF3B2793F1FF0040226C /* StaticTableViewController.swift */; };
		48F8EF402793F49E0040226C /* PersonalViewController.swift in Sources */ = {isa = PBXBuildFile; fileRef = 48F8EF3F2793F49E0040226C /* PersonalViewController.swift */; };
/* End PBXBuildFile section */

/* Begin PBXFileReference section */
		48661497279B67D700803057 /* HistoryViewController.swift */ = {isa = PBXFileReference; lastKnownFileType = sourcecode.swift; path = HistoryViewController.swift; sourceTree = "<group>"; };
		48661499279B9BE900803057 /* HistoryDetailsViewController.swift */ = {isa = PBXFileReference; lastKnownFileType = sourcecode.swift; path = HistoryDetailsViewController.swift; sourceTree = "<group>"; };
		48A34DE526A4EEF500B24EF9 /* EightClassClassification.mlmodel */ = {isa = PBXFileReference; lastKnownFileType = file.mlmodel; path = EightClassClassification.mlmodel; sourceTree = "<group>"; };
		48A34DE726A4F84F00B24EF9 /* CGImagePropertyOrientation+UIImageOrientation.swift */ = {isa = PBXFileReference; lastKnownFileType = sourcecode.swift; path = "CGImagePropertyOrientation+UIImageOrientation.swift"; sourceTree = "<group>"; };
		48A34DE926A5357600B24EF9 /* SceneDelegate.swift */ = {isa = PBXFileReference; fileEncoding = 4; lastKnownFileType = sourcecode.swift; path = SceneDelegate.swift; sourceTree = "<group>"; };
		48D91B32269D7EA400F0DA9D /* Trashify.app */ = {isa = PBXFileReference; explicitFileType = wrapper.application; includeInIndex = 0; path = Trashify.app; sourceTree = BUILT_PRODUCTS_DIR; };
		48D91B35269D7EA400F0DA9D /* AppDelegate.swift */ = {isa = PBXFileReference; lastKnownFileType = sourcecode.swift; path = AppDelegate.swift; sourceTree = "<group>"; };
		48D91B39269D7EA400F0DA9D /* ClassifyViewController.swift */ = {isa = PBXFileReference; lastKnownFileType = sourcecode.swift; path = ClassifyViewController.swift; sourceTree = "<group>"; };
		48D91B3C269D7EA400F0DA9D /* Base */ = {isa = PBXFileReference; lastKnownFileType = file.storyboard; name = Base; path = Base.lproj/Main.storyboard; sourceTree = "<group>"; };
		48D91B3E269D7EA500F0DA9D /* Assets.xcassets */ = {isa = PBXFileReference; lastKnownFileType = folder.assetcatalog; path = Assets.xcassets; sourceTree = "<group>"; };
		48D91B41269D7EA500F0DA9D /* Base */ = {isa = PBXFileReference; lastKnownFileType = file.storyboard; name = Base; path = Base.lproj/LaunchScreen.storyboard; sourceTree = "<group>"; };
		48D91B43269D7EA500F0DA9D /* Info.plist */ = {isa = PBXFileReference; lastKnownFileType = text.plist.xml; path = Info.plist; sourceTree = "<group>"; };
		48E445C7273604BF00599CF0 /* SettingsViewController.swift */ = {isa = PBXFileReference; lastKnownFileType = sourcecode.swift; path = SettingsViewController.swift; sourceTree = "<group>"; };
		48E445C92736051E00599CF0 /* SettingTableViewCell.swift */ = {isa = PBXFileReference; lastKnownFileType = sourcecode.swift; path = SettingTableViewCell.swift; sourceTree = "<group>"; };
		48F8EF352793F1B60040226C /* ChangeRegionViewController.swift */ = {isa = PBXFileReference; fileEncoding = 4; lastKnownFileType = sourcecode.swift; path = ChangeRegionViewController.swift; sourceTree = "<group>"; };
		48F8EF362793F1B60040226C /* DatePickerViewController.swift */ = {isa = PBXFileReference; fileEncoding = 4; lastKnownFileType = sourcecode.swift; path = DatePickerViewController.swift; sourceTree = "<group>"; };
		48F8EF372793F1B60040226C /* ChangeNameViewController.swift */ = {isa = PBXFileReference; fileEncoding = 4; lastKnownFileType = sourcecode.swift; path = ChangeNameViewController.swift; sourceTree = "<group>"; };
		48F8EF3B2793F1FF0040226C /* StaticTableViewController.swift */ = {isa = PBXFileReference; fileEncoding = 4; lastKnownFileType = sourcecode.swift; path = StaticTableViewController.swift; sourceTree = "<group>"; };
		48F8EF3F2793F49E0040226C /* PersonalViewController.swift */ = {isa = PBXFileReference; fileEncoding = 4; lastKnownFileType = sourcecode.swift; path = PersonalViewController.swift; sourceTree = "<group>"; };
/* End PBXFileReference section */

/* Begin PBXFrameworksBuildPhase section */
		48D91B2F269D7EA400F0DA9D /* Frameworks */ = {
			isa = PBXFrameworksBuildPhase;
			buildActionMask = 2147483647;
			files = (
			);
			runOnlyForDeploymentPostprocessing = 0;
		};
/* End PBXFrameworksBuildPhase section */

/* Begin PBXGroup section */
		48A34E0B26A590B100B24EF9 /* Supporting Files */ = {
			isa = PBXGroup;
			children = (
				48D91B43269D7EA500F0DA9D /* Info.plist */,
				48D91B40269D7EA500F0DA9D /* LaunchScreen.storyboard */,
				48D91B3E269D7EA500F0DA9D /* Assets.xcassets */,
			);
			path = "Supporting Files";
			sourceTree = "<group>";
		};
		48D91B29269D7EA400F0DA9D = {
			isa = PBXGroup;
			children = (
				48D91B34269D7EA400F0DA9D /* Trashify */,
				48D91B33269D7EA400F0DA9D /* Products */,
			);
			sourceTree = "<group>";
		};
		48D91B33269D7EA400F0DA9D /* Products */ = {
			isa = PBXGroup;
			children = (
				48D91B32269D7EA400F0DA9D /* Trashify.app */,
			);
			name = Products;
			sourceTree = "<group>";
		};
		48D91B34269D7EA400F0DA9D /* Trashify */ = {
			isa = PBXGroup;
			children = (
				48A34E0B26A590B100B24EF9 /* Supporting Files */,
				48D91B35269D7EA400F0DA9D /* AppDelegate.swift */,
				48D91B39269D7EA400F0DA9D /* ClassifyViewController.swift */,
				48D91B3B269D7EA400F0DA9D /* Main.storyboard */,
				48A34DE726A4F84F00B24EF9 /* CGImagePropertyOrientation+UIImageOrientation.swift */,
				48A34DE926A5357600B24EF9 /* SceneDelegate.swift */,
				48E445C7273604BF00599CF0 /* SettingsViewController.swift */,
				48A34DE526A4EEF500B24EF9 /* EightClassClassification.mlmodel */,
				48E445C92736051E00599CF0 /* SettingTableViewCell.swift */,
				48F8EF372793F1B60040226C /* ChangeNameViewController.swift */,
				48F8EF352793F1B60040226C /* ChangeRegionViewController.swift */,
				48F8EF362793F1B60040226C /* DatePickerViewController.swift */,
				48F8EF3B2793F1FF0040226C /* StaticTableViewController.swift */,
				48F8EF3F2793F49E0040226C /* PersonalViewController.swift */,
				48661497279B67D700803057 /* HistoryViewController.swift */,
				48661499279B9BE900803057 /* HistoryDetailsViewController.swift */,
			);
			path = Trashify;
			sourceTree = "<group>";
		};
/* End PBXGroup section */

/* Begin PBXNativeTarget section */
		48D91B31269D7EA400F0DA9D /* Trashify */ = {
			isa = PBXNativeTarget;
			buildConfigurationList = 48D91B46269D7EA500F0DA9D /* Build configuration list for PBXNativeTarget "Trashify" */;
			buildPhases = (
				48D91B2E269D7EA400F0DA9D /* Sources */,
				48D91B2F269D7EA400F0DA9D /* Frameworks */,
				48D91B30269D7EA400F0DA9D /* Resources */,
			);
			buildRules = (
			);
			dependencies = (
			);
			name = Trashify;
			productName = AWM;
			productReference = 48D91B32269D7EA400F0DA9D /* Trashify.app */;
			productType = "com.apple.product-type.application";
		};
/* End PBXNativeTarget section */

/* Begin PBXProject section */
		48D91B2A269D7EA400F0DA9D /* Project object */ = {
			isa = PBXProject;
			attributes = {
				BuildIndependentTargetsInParallel = 1;
				LastSwiftUpdateCheck = 1300;
				LastUpgradeCheck = 1300;
				TargetAttributes = {
					48D91B31269D7EA400F0DA9D = {
						CreatedOnToolsVersion = 13.0;
					};
				};
			};
			buildConfigurationList = 48D91B2D269D7EA400F0DA9D /* Build configuration list for PBXProject "Trashify" */;
			compatibilityVersion = "Xcode 13.0";
			developmentRegion = en;
			hasScannedForEncodings = 0;
			knownRegions = (
				en,
				Base,
			);
			mainGroup = 48D91B29269D7EA400F0DA9D;
			productRefGroup = 48D91B33269D7EA400F0DA9D /* Products */;
			projectDirPath = "";
			projectRoot = "";
			targets = (
				48D91B31269D7EA400F0DA9D /* Trashify */,
			);
		};
/* End PBXProject section */

/* Begin PBXResourcesBuildPhase section */
		48D91B30269D7EA400F0DA9D /* Resources */ = {
			isa = PBXResourcesBuildPhase;
			buildActionMask = 2147483647;
			files = (
				48D91B42269D7EA500F0DA9D /* LaunchScreen.storyboard in Resources */,
				48D91B3F269D7EA500F0DA9D /* Assets.xcassets in Resources */,
				48D91B3D269D7EA400F0DA9D /* Main.storyboard in Resources */,
			);
			runOnlyForDeploymentPostprocessing = 0;
		};
/* End PBXResourcesBuildPhase section */

/* Begin PBXSourcesBuildPhase section */
		48D91B2E269D7EA400F0DA9D /* Sources */ = {
			isa = PBXSourcesBuildPhase;
			buildActionMask = 2147483647;
			files = (
				48A34DEA26A5357600B24EF9 /* SceneDelegate.swift in Sources */,
				48F8EF382793F1B60040226C /* ChangeRegionViewController.swift in Sources */,
				48D91B3A269D7EA400F0DA9D /* ClassifyViewController.swift in Sources */,
				48E445CA2736051E00599CF0 /* SettingTableViewCell.swift in Sources */,
				48661498279B67D700803057 /* HistoryViewController.swift in Sources */,
				48D91B36269D7EA400F0DA9D /* AppDelegate.swift in Sources */,
				48F8EF3A2793F1B60040226C /* ChangeNameViewController.swift in Sources */,
				48F8EF392793F1B60040226C /* DatePickerViewController.swift in Sources */,
				4866149A279B9BE900803057 /* HistoryDetailsViewController.swift in Sources */,
				48F8EF3C2793F1FF0040226C /* StaticTableViewController.swift in Sources */,
				48A34DE626A4EEF500B24EF9 /* EightClassClassification.mlmodel in Sources */,
				48A34DE826A4F84F00B24EF9 /* CGImagePropertyOrientation+UIImageOrientation.swift in Sources */,
				48F8EF402793F49E0040226C /* PersonalViewController.swift in Sources */,
				48E445C8273604BF00599CF0 /* SettingsViewController.swift in Sources */,
			);
			runOnlyForDeploymentPostprocessing = 0;
		};
/* End PBXSourcesBuildPhase section */

/* Begin PBXVariantGroup section */
		48D91B3B269D7EA400F0DA9D /* Main.storyboard */ = {
			isa = PBXVariantGroup;
			children = (
				48D91B3C269D7EA400F0DA9D /* Base */,
			);
			name = Main.storyboard;
			sourceTree = "<group>";
		};
		48D91B40269D7EA500F0DA9D /* LaunchScreen.storyboard */ = {
			isa = PBXVariantGroup;
			children = (
				48D91B41269D7EA500F0DA9D /* Base */,
			);
			name = LaunchScreen.storyboard;
			sourceTree = "<group>";
		};
/* End PBXVariantGroup section */

/* Begin XCBuildConfiguration section */
		48D91B44269D7EA500F0DA9D /* Debug */ = {
			isa = XCBuildConfiguration;
			buildSettings = {
				ALWAYS_SEARCH_USER_PATHS = NO;
				CLANG_ANALYZER_NONNULL = YES;
				CLANG_ANALYZER_NUMBER_OBJECT_CONVERSION = YES_AGGRESSIVE;
				CLANG_CXX_LANGUAGE_STANDARD = "gnu++14";
				CLANG_CXX_LIBRARY = "libc++";
				CLANG_ENABLE_MODULES = YES;
				CLANG_ENABLE_OBJC_ARC = YES;
				CLANG_ENABLE_OBJC_WEAK = YES;
				CLANG_WARN_BLOCK_CAPTURE_AUTORELEASING = YES;
				CLANG_WARN_BOOL_CONVERSION = YES;
				CLANG_WARN_COMMA = YES;
				CLANG_WARN_CONSTANT_CONVERSION = YES;
				CLANG_WARN_DEPRECATED_OBJC_IMPLEMENTATIONS = YES;
				CLANG_WARN_DIRECT_OBJC_ISA_USAGE = YES_ERROR;
				CLANG_WARN_DOCUMENTATION_COMMENTS = YES;
				CLANG_WARN_EMPTY_BODY = YES;
				CLANG_WARN_ENUM_CONVERSION = YES;
				CLANG_WARN_INFINITE_RECURSION = YES;
				CLANG_WARN_INT_CONVERSION = YES;
				CLANG_WARN_NON_LITERAL_NULL_CONVERSION = YES;
				CLANG_WARN_OBJC_IMPLICIT_RETAIN_SELF = YES;
				CLANG_WARN_OBJC_LITERAL_CONVERSION = YES;
				CLANG_WARN_OBJC_ROOT_CLASS = YES_ERROR;
				CLANG_WARN_QUOTED_INCLUDE_IN_FRAMEWORK_HEADER = YES;
				CLANG_WARN_RANGE_LOOP_ANALYSIS = YES;
				CLANG_WARN_STRICT_PROTOTYPES = YES;
				CLANG_WARN_SUSPICIOUS_MOVE = YES;
				CLANG_WARN_UNGUARDED_AVAILABILITY = YES_AGGRESSIVE;
				CLANG_WARN_UNREACHABLE_CODE = YES;
				CLANG_WARN__DUPLICATE_METHOD_MATCH = YES;
				COPY_PHASE_STRIP = NO;
				DEBUG_INFORMATION_FORMAT = dwarf;
				ENABLE_STRICT_OBJC_MSGSEND = YES;
				ENABLE_TESTABILITY = YES;
				GCC_C_LANGUAGE_STANDARD = gnu11;
				GCC_DYNAMIC_NO_PIC = NO;
				GCC_NO_COMMON_BLOCKS = YES;
				GCC_OPTIMIZATION_LEVEL = 0;
				GCC_PREPROCESSOR_DEFINITIONS = (
					"DEBUG=1",
					"$(inherited)",
				);
				GCC_WARN_64_TO_32_BIT_CONVERSION = YES;
				GCC_WARN_ABOUT_RETURN_TYPE = YES_ERROR;
				GCC_WARN_UNDECLARED_SELECTOR = YES;
				GCC_WARN_UNINITIALIZED_AUTOS = YES_AGGRESSIVE;
				GCC_WARN_UNUSED_FUNCTION = YES;
				GCC_WARN_UNUSED_VARIABLE = YES;
				IPHONEOS_DEPLOYMENT_TARGET = 15.0;
				MTL_ENABLE_DEBUG_INFO = INCLUDE_SOURCE;
				MTL_FAST_MATH = YES;
				ONLY_ACTIVE_ARCH = YES;
				SDKROOT = iphoneos;
				SWIFT_ACTIVE_COMPILATION_CONDITIONS = DEBUG;
				SWIFT_OPTIMIZATION_LEVEL = "-Onone";
			};
			name = Debug;
		};
		48D91B45269D7EA500F0DA9D /* Release */ = {
			isa = XCBuildConfiguration;
			buildSettings = {
				ALWAYS_SEARCH_USER_PATHS = NO;
				CLANG_ANALYZER_NONNULL = YES;
				CLANG_ANALYZER_NUMBER_OBJECT_CONVERSION = YES_AGGRESSIVE;
				CLANG_CXX_LANGUAGE_STANDARD = "gnu++14";
				CLANG_CXX_LIBRARY = "libc++";
				CLANG_ENABLE_MODULES = YES;
				CLANG_ENABLE_OBJC_ARC = YES;
				CLANG_ENABLE_OBJC_WEAK = YES;
				CLANG_WARN_BLOCK_CAPTURE_AUTORELEASING = YES;
				CLANG_WARN_BOOL_CONVERSION = YES;
				CLANG_WARN_COMMA = YES;
				CLANG_WARN_CONSTANT_CONVERSION = YES;
				CLANG_WARN_DEPRECATED_OBJC_IMPLEMENTATIONS = YES;
				CLANG_WARN_DIRECT_OBJC_ISA_USAGE = YES_ERROR;
				CLANG_WARN_DOCUMENTATION_COMMENTS = YES;
				CLANG_WARN_EMPTY_BODY = YES;
				CLANG_WARN_ENUM_CONVERSION = YES;
				CLANG_WARN_INFINITE_RECURSION = YES;
				CLANG_WARN_INT_CONVERSION = YES;
				CLANG_WARN_NON_LITERAL_NULL_CONVERSION = YES;
				CLANG_WARN_OBJC_IMPLICIT_RETAIN_SELF = YES;
				CLANG_WARN_OBJC_LITERAL_CONVERSION = YES;
				CLANG_WARN_OBJC_ROOT_CLASS = YES_ERROR;
				CLANG_WARN_QUOTED_INCLUDE_IN_FRAMEWORK_HEADER = YES;
				CLANG_WARN_RANGE_LOOP_ANALYSIS = YES;
				CLANG_WARN_STRICT_PROTOTYPES = YES;
				CLANG_WARN_SUSPICIOUS_MOVE = YES;
				CLANG_WARN_UNGUARDED_AVAILABILITY = YES_AGGRESSIVE;
				CLANG_WARN_UNREACHABLE_CODE = YES;
				CLANG_WARN__DUPLICATE_METHOD_MATCH = YES;
				COPY_PHASE_STRIP = NO;
				DEBUG_INFORMATION_FORMAT = "dwarf-with-dsym";
				ENABLE_NS_ASSERTIONS = NO;
				ENABLE_STRICT_OBJC_MSGSEND = YES;
				GCC_C_LANGUAGE_STANDARD = gnu11;
				GCC_NO_COMMON_BLOCKS = YES;
				GCC_WARN_64_TO_32_BIT_CONVERSION = YES;
				GCC_WARN_ABOUT_RETURN_TYPE = YES_ERROR;
				GCC_WARN_UNDECLARED_SELECTOR = YES;
				GCC_WARN_UNINITIALIZED_AUTOS = YES_AGGRESSIVE;
				GCC_WARN_UNUSED_FUNCTION = YES;
				GCC_WARN_UNUSED_VARIABLE = YES;
				IPHONEOS_DEPLOYMENT_TARGET = 15.0;
				MTL_ENABLE_DEBUG_INFO = NO;
				MTL_FAST_MATH = YES;
				SDKROOT = iphoneos;
				SWIFT_COMPILATION_MODE = wholemodule;
				SWIFT_OPTIMIZATION_LEVEL = "-O";
				VALIDATE_PRODUCT = YES;
			};
			name = Release;
		};
		48D91B47269D7EA500F0DA9D /* Debug */ = {
			isa = XCBuildConfiguration;
			buildSettings = {
				ASSETCATALOG_COMPILER_APPICON_NAME = AppIcon;
				ASSETCATALOG_COMPILER_GLOBAL_ACCENT_COLOR_NAME = AccentColor;
				CODE_SIGN_STYLE = Automatic;
				CURRENT_PROJECT_VERSION = 1;
				DEVELOPMENT_TEAM = CV5F63AHVX;
				GENERATE_INFOPLIST_FILE = YES;
				INFOPLIST_FILE = "Trashify/Supporting Files/Info.plist";
				INFOPLIST_KEY_UIApplicationSupportsIndirectInputEvents = YES;
				INFOPLIST_KEY_UILaunchStoryboardName = LaunchScreen;
				INFOPLIST_KEY_UIMainStoryboardFile = Main;
				INFOPLIST_KEY_UISupportedInterfaceOrientations_iPad = "UIInterfaceOrientationPortrait UIInterfaceOrientationPortraitUpsideDown UIInterfaceOrientationLandscapeLeft UIInterfaceOrientationLandscapeRight";
				INFOPLIST_KEY_UISupportedInterfaceOrientations_iPhone = "UIInterfaceOrientationPortrait UIInterfaceOrientationLandscapeLeft UIInterfaceOrientationLandscapeRight";
				LD_RUNPATH_SEARCH_PATHS = (
					"$(inherited)",
					"@executable_path/Frameworks",
				);
				MARKETING_VERSION = 1.0;
				PRODUCT_BUNDLE_IDENTIFIER = alexlai.Trashify;
				PRODUCT_NAME = "$(TARGET_NAME)";
				SWIFT_EMIT_LOC_STRINGS = YES;
				SWIFT_VERSION = 5.0;
				TARGETED_DEVICE_FAMILY = "1,2";
			};
			name = Debug;
		};
		48D91B48269D7EA500F0DA9D /* Release */ = {
			isa = XCBuildConfiguration;
			buildSettings = {
				ASSETCATALOG_COMPILER_APPICON_NAME = AppIcon;
				ASSETCATALOG_COMPILER_GLOBAL_ACCENT_COLOR_NAME = AccentColor;
				CODE_SIGN_STYLE = Automatic;
				CURRENT_PROJECT_VERSION = 1;
				DEVELOPMENT_TEAM = CV5F63AHVX;
				GENERATE_INFOPLIST_FILE = YES;
				INFOPLIST_FILE = "Trashify/Supporting Files/Info.plist";
				INFOPLIST_KEY_UIApplicationSupportsIndirectInputEvents = YES;
				INFOPLIST_KEY_UILaunchStoryboardName = LaunchScreen;
				INFOPLIST_KEY_UIMainStoryboardFile = Main;
				INFOPLIST_KEY_UISupportedInterfaceOrientations_iPad = "UIInterfaceOrientationPortrait UIInterfaceOrientationPortraitUpsideDown UIInterfaceOrientationLandscapeLeft UIInterfaceOrientationLandscapeRight";
				INFOPLIST_KEY_UISupportedInterfaceOrientations_iPhone = "UIInterfaceOrientationPortrait UIInterfaceOrientationLandscapeLeft UIInterfaceOrientationLandscapeRight";
				LD_RUNPATH_SEARCH_PATHS = (
					"$(inherited)",
					"@executable_path/Frameworks",
				);
				MARKETING_VERSION = 1.0;
				PRODUCT_BUNDLE_IDENTIFIER = alexlai.Trashify;
				PRODUCT_NAME = "$(TARGET_NAME)";
				SWIFT_EMIT_LOC_STRINGS = YES;
				SWIFT_VERSION = 5.0;
				TARGETED_DEVICE_FAMILY = "1,2";
			};
			name = Release;
		};
/* End XCBuildConfiguration section */

/* Begin XCConfigurationList section */
		48D91B2D269D7EA400F0DA9D /* Build configuration list for PBXProject "Trashify" */ = {
			isa = XCConfigurationList;
			buildConfigurations = (
				48D91B44269D7EA500F0DA9D /* Debug */,
				48D91B45269D7EA500F0DA9D /* Release */,
			);
			defaultConfigurationIsVisible = 0;
			defaultConfigurationName = Release;
		};
		48D91B46269D7EA500F0DA9D /* Build configuration list for PBXNativeTarget "Trashify" */ = {
			isa = XCConfigurationList;
			buildConfigurations = (
				48D91B47269D7EA500F0DA9D /* Debug */,
				48D91B48269D7EA500F0DA9D /* Release */,
			);
			defaultConfigurationIsVisible = 0;
			defaultConfigurationName = Release;
		};
/* End XCConfigurationList section */
	};
	rootObject = 48D91B2A269D7EA400F0DA9D /* Project object */;
}
